
Microsoft Visual Studio Solution File, Format Version 12.00
# Visual Studio Version 17
VisualStudioVersion = 17.0.31903.59
MinimumVisualStudioVersion = 10.0.40219.1
Project("{FAE04EC0-301F-11D3-BF4B-00C04F79EFBC}") = "BookTracker.Api", "BookTracker.Api\BookTracker.Api.csproj", "{0B7AA5B1-6F13-43B4-8819-E6DBF830FDE6}"
EndProject
Project("{FAE04EC0-301F-11D3-BF4B-00C04F79EFBC}") = "BookTracker.Api.Tests", "BookTracker.Api.Tests\BookTracker.Api.Tests.csproj", "{3BA19EA4-740C-4AE2-9D5A-51384C85D77D}"
EndProject
Global
	GlobalSection(SolutionConfigurationPlatforms) = preSolution
		Debug|Any CPU = Debug|Any CPU
		Debug|x64 = Debug|x64
		Debug|x86 = Debug|x86
		Release|Any CPU = Release|Any CPU
		Release|x64 = Release|x64
		Release|x86 = Release|x86
	EndGlobalSection
	GlobalSection(ProjectConfigurationPlatforms) = postSolution
		{0B7AA5B1-6F13-43B4-8819-E6DBF830FDE6}.Debug|Any CPU.ActiveCfg = Debug|Any CPU
		{0B7AA5B1-6F13-43B4-8819-E6DBF830FDE6}.Debug|Any CPU.Build.0 = Debug|Any CPU
		{0B7AA5B1-6F13-43B4-8819-E6DBF830FDE6}.Debug|x64.ActiveCfg = Debug|Any CPU
		{0B7AA5B1-6F13-43B4-8819-E6DBF830FDE6}.Debug|x64.Build.0 = Debug|Any CPU
		{0B7AA5B1-6F13-43B4-8819-E6DBF830FDE6}.Debug|x86.ActiveCfg = Debug|Any CPU
		{0B7AA5B1-6F13-43B4-8819-E6DBF830FDE6}.Debug|x86.Build.0 = Debug|Any CPU
		{0B7AA5B1-6F13-43B4-8819-E6DBF830FDE6}.Release|Any CPU.ActiveCfg = Release|Any CPU
		{0B7AA5B1-6F13-43B4-8819-E6DBF830FDE6}.Release|Any CPU.Build.0 = Release|Any CPU
		{0B7AA5B1-6F13-43B4-8819-E6DBF830FDE6}.Release|x64.ActiveCfg = Release|Any CPU
		{0B7AA5B1-6F13-43B4-8819-E6DBF830FDE6}.Release|x64.Build.0 = Release|Any CPU
		{0B7AA5B1-6F13-43B4-8819-E6DBF830FDE6}.Release|x86.ActiveCfg = Release|Any CPU
		{0B7AA5B1-6F13-43B4-8819-E6DBF830FDE6}.Release|x86.Build.0 = Release|Any CPU
		{3BA19EA4-740C-4AE2-9D5A-51384C85D77D}.Debug|Any CPU.ActiveCfg = Debug|Any CPU
		{3BA19EA4-740C-4AE2-9D5A-51384C85D77D}.Debug|Any CPU.Build.0 = Debug|Any CPU
		{3BA19EA4-740C-4AE2-9D5A-51384C85D77D}.Debug|x64.ActiveCfg = Debug|Any CPU
		{3BA19EA4-740C-4AE2-9D5A-51384C85D77D}.Debug|x64.Build.0 = Debug|Any CPU
		{3BA19EA4-740C-4AE2-9D5A-51384C85D77D}.Debug|x86.ActiveCfg = Debug|Any CPU
		{3BA19EA4-740C-4AE2-9D5A-51384C85D77D}.Debug|x86.Build.0 = Debug|Any CPU
		{3BA19EA4-740C-4AE2-9D5A-51384C85D77D}.Release|Any CPU.ActiveCfg = Release|Any CPU
		{3BA19EA4-740C-4AE2-9D5A-51384C85D77D}.Release|Any CPU.Build.0 = Release|Any CPU
		{3BA19EA4-740C-4AE2-9D5A-51384C85D77D}.Release|x64.ActiveCfg = Release|Any CPU
		{3BA19EA4-740C-4AE2-9D5A-51384C85D77D}.Release|x64.Build.0 = Release|Any CPU
		{3BA19EA4-740C-4AE2-9D5A-51384C85D77D}.Release|x86.ActiveCfg = Release|Any CPU
		{3BA19EA4-740C-4AE2-9D5A-51384C85D77D}.Release|x86.Build.0 = Release|Any CPU
	EndGlobalSection
	GlobalSection(SolutionProperties) = preSolution
		HideSolutionNode = FALSE
	EndGlobalSection
EndGlobal
